// !$*UTF8*$!
{
	archiveVersion = 1;
	classes = {
	};
	objectVersion = 55;
	objects = {

/* Begin PBXBuildFile section */
		5962446C286B17B00007D87D /* AppDelegate.swift in Sources */ = {isa = PBXBuildFile; fileRef = 5962446B286B17B00007D87D /* AppDelegate.swift */; };
		5962446E286B17B00007D87D /* SceneDelegate.swift in Sources */ = {isa = PBXBuildFile; fileRef = 5962446D286B17B00007D87D /* SceneDelegate.swift */; };
		59624475286B17B20007D87D /* Assets.xcassets in Resources */ = {isa = PBXBuildFile; fileRef = 59624474286B17B20007D87D /* Assets.xcassets */; };
		59624478286B17B20007D87D /* LaunchScreen.storyboard in Resources */ = {isa = PBXBuildFile; fileRef = 59624476286B17B20007D87D /* LaunchScreen.storyboard */; };
		59624480286B18670007D87D /* Router.swift in Sources */ = {isa = PBXBuildFile; fileRef = 5962447F286B18670007D87D /* Router.swift */; };
		59624482286B18720007D87D /* ModuleBuilder.swift in Sources */ = {isa = PBXBuildFile; fileRef = 59624481286B18720007D87D /* ModuleBuilder.swift */; };
		596244B0286B80A70007D87D /* AuthorizationViewController.swift in Sources */ = {isa = PBXBuildFile; fileRef = 596244AF286B80A70007D87D /* AuthorizationViewController.swift */; };
		596244B2286B80BF0007D87D /* AuthorizationPresenter.swift in Sources */ = {isa = PBXBuildFile; fileRef = 596244B1286B80BF0007D87D /* AuthorizationPresenter.swift */; };
		596244B4286B81070007D87D /* SignUpViewController.swift in Sources */ = {isa = PBXBuildFile; fileRef = 596244B3286B81070007D87D /* SignUpViewController.swift */; };
		596244B6286B81250007D87D /* SignUpPresenter.swift in Sources */ = {isa = PBXBuildFile; fileRef = 596244B5286B81250007D87D /* SignUpPresenter.swift */; };
		596244B8286B81360007D87D /* SignInViewController.swift in Sources */ = {isa = PBXBuildFile; fileRef = 596244B7286B81360007D87D /* SignInViewController.swift */; };
		596244BA286B81480007D87D /* SignInPresenter.swift in Sources */ = {isa = PBXBuildFile; fileRef = 596244B9286B81480007D87D /* SignInPresenter.swift */; };
		596244C0286B8CD50007D87D /* ProfileEditorPresenter.swift in Sources */ = {isa = PBXBuildFile; fileRef = 596244BF286B8CD50007D87D /* ProfileEditorPresenter.swift */; };
		596244C2286B8CEC0007D87D /* ProfileEditorViewController.swift in Sources */ = {isa = PBXBuildFile; fileRef = 596244C1286B8CEC0007D87D /* ProfileEditorViewController.swift */; };
		596244C5286C58D60007D87D /* CustomButton.swift in Sources */ = {isa = PBXBuildFile; fileRef = 596244C4286C58D60007D87D /* CustomButton.swift */; };
		596244DA286C78550007D87D /* CustomTextField.swift in Sources */ = {isa = PBXBuildFile; fileRef = 596244D9286C78550007D87D /* CustomTextField.swift */; };
		596244DC286C79670007D87D /* LabeledTextFieldsView.swift in Sources */ = {isa = PBXBuildFile; fileRef = 596244DB286C79670007D87D /* LabeledTextFieldsView.swift */; };
		596244DE286CA5E90007D87D /* CustomLabel.swift in Sources */ = {isa = PBXBuildFile; fileRef = 596244DD286CA5E90007D87D /* CustomLabel.swift */; };
		596244E3286CEAFD0007D87D /* SignUpTableViewDataSource.swift in Sources */ = {isa = PBXBuildFile; fileRef = 596244E2286CEAFD0007D87D /* SignUpTableViewDataSource.swift */; };
		596244E5286CEB090007D87D /* SignUpTableViewDelegate.swift in Sources */ = {isa = PBXBuildFile; fileRef = 596244E4286CEB090007D87D /* SignUpTableViewDelegate.swift */; };
		596244E7286E0D620007D87D /* LogoTableViewCell.swift in Sources */ = {isa = PBXBuildFile; fileRef = 596244E6286E0D620007D87D /* LogoTableViewCell.swift */; };
		596244E9286E11640007D87D /* LabeledFieldTableViewCell.swift in Sources */ = {isa = PBXBuildFile; fileRef = 596244E8286E11640007D87D /* LabeledFieldTableViewCell.swift */; };
		59EC3CB8286F3ED1002F8E5D /* ProfileEditorTableViewDataSource.swift in Sources */ = {isa = PBXBuildFile; fileRef = 59EC3CB7286F3ED1002F8E5D /* ProfileEditorTableViewDataSource.swift */; };
		59EC3CBA286F3EDD002F8E5D /* ProfileEditorTableViewDelegate.swift in Sources */ = {isa = PBXBuildFile; fileRef = 59EC3CB9286F3EDD002F8E5D /* ProfileEditorTableViewDelegate.swift */; };
		59EC3CBC286F3F13002F8E5D /* HeaderTableViewCell.swift in Sources */ = {isa = PBXBuildFile; fileRef = 59EC3CBB286F3F13002F8E5D /* HeaderTableViewCell.swift */; };
		59EC3CBE286F3F5E002F8E5D /* MainInfoTableViewCell.swift in Sources */ = {isa = PBXBuildFile; fileRef = 59EC3CBD286F3F5E002F8E5D /* MainInfoTableViewCell.swift */; };
		59EC3CC2286F4B97002F8E5D /* LabeledImageView.swift in Sources */ = {isa = PBXBuildFile; fileRef = 59EC3CC1286F4B97002F8E5D /* LabeledImageView.swift */; };
		59EC3CC4286F7325002F8E5D /* CategoryTableViewCell.swift in Sources */ = {isa = PBXBuildFile; fileRef = 59EC3CC3286F7325002F8E5D /* CategoryTableViewCell.swift */; };
		59EC3CC8287066E5002F8E5D /* NetworkService.swift in Sources */ = {isa = PBXBuildFile; fileRef = 59EC3CC7287066E5002F8E5D /* NetworkService.swift */; };
		59EC3CCA28706E42002F8E5D /* RegistrationData.swift in Sources */ = {isa = PBXBuildFile; fileRef = 59EC3CC928706E42002F8E5D /* RegistrationData.swift */; };
		59EC3CCC287081C1002F8E5D /* AutorizationData.swift in Sources */ = {isa = PBXBuildFile; fileRef = 59EC3CCB287081C1002F8E5D /* AutorizationData.swift */; };
		59EC3CCE2870823D002F8E5D /* ProfileData.swift in Sources */ = {isa = PBXBuildFile; fileRef = 59EC3CCD2870823D002F8E5D /* ProfileData.swift */; };
/* End PBXBuildFile section */

/* Begin PBXFileReference section */
		59624468286B17B00007D87D /* SomeSocialNetwork.app */ = {isa = PBXFileReference; explicitFileType = wrapper.application; includeInIndex = 0; path = SomeSocialNetwork.app; sourceTree = BUILT_PRODUCTS_DIR; };
		5962446B286B17B00007D87D /* AppDelegate.swift */ = {isa = PBXFileReference; lastKnownFileType = sourcecode.swift; path = AppDelegate.swift; sourceTree = "<group>"; };
		5962446D286B17B00007D87D /* SceneDelegate.swift */ = {isa = PBXFileReference; lastKnownFileType = sourcecode.swift; path = SceneDelegate.swift; sourceTree = "<group>"; };
		59624474286B17B20007D87D /* Assets.xcassets */ = {isa = PBXFileReference; lastKnownFileType = folder.assetcatalog; path = Assets.xcassets; sourceTree = "<group>"; };
		59624477286B17B20007D87D /* Base */ = {isa = PBXFileReference; lastKnownFileType = file.storyboard; name = Base; path = Base.lproj/LaunchScreen.storyboard; sourceTree = "<group>"; };
		59624479286B17B20007D87D /* Info.plist */ = {isa = PBXFileReference; lastKnownFileType = text.plist.xml; path = Info.plist; sourceTree = "<group>"; };
		5962447F286B18670007D87D /* Router.swift */ = {isa = PBXFileReference; lastKnownFileType = sourcecode.swift; path = Router.swift; sourceTree = "<group>"; };
		59624481286B18720007D87D /* ModuleBuilder.swift */ = {isa = PBXFileReference; lastKnownFileType = sourcecode.swift; path = ModuleBuilder.swift; sourceTree = "<group>"; };
		596244AF286B80A70007D87D /* AuthorizationViewController.swift */ = {isa = PBXFileReference; lastKnownFileType = sourcecode.swift; name = AuthorizationViewController.swift; path = SomeSocialNetwork/AuthorizationModule/View/AuthorizationViewController.swift; sourceTree = SOURCE_ROOT; };
		596244B1286B80BF0007D87D /* AuthorizationPresenter.swift */ = {isa = PBXFileReference; lastKnownFileType = sourcecode.swift; path = AuthorizationPresenter.swift; sourceTree = "<group>"; };
		596244B3286B81070007D87D /* SignUpViewController.swift */ = {isa = PBXFileReference; lastKnownFileType = sourcecode.swift; path = SignUpViewController.swift; sourceTree = "<group>"; };
		596244B5286B81250007D87D /* SignUpPresenter.swift */ = {isa = PBXFileReference; lastKnownFileType = sourcecode.swift; path = SignUpPresenter.swift; sourceTree = "<group>"; };
		596244B7286B81360007D87D /* SignInViewController.swift */ = {isa = PBXFileReference; lastKnownFileType = sourcecode.swift; path = SignInViewController.swift; sourceTree = "<group>"; };
		596244B9286B81480007D87D /* SignInPresenter.swift */ = {isa = PBXFileReference; lastKnownFileType = sourcecode.swift; path = SignInPresenter.swift; sourceTree = "<group>"; };
		596244BF286B8CD50007D87D /* ProfileEditorPresenter.swift */ = {isa = PBXFileReference; lastKnownFileType = sourcecode.swift; path = ProfileEditorPresenter.swift; sourceTree = "<group>"; };
		596244C1286B8CEC0007D87D /* ProfileEditorViewController.swift */ = {isa = PBXFileReference; lastKnownFileType = sourcecode.swift; path = ProfileEditorViewController.swift; sourceTree = "<group>"; };
		596244C4286C58D60007D87D /* CustomButton.swift */ = {isa = PBXFileReference; lastKnownFileType = sourcecode.swift; path = CustomButton.swift; sourceTree = "<group>"; };
		596244D9286C78550007D87D /* CustomTextField.swift */ = {isa = PBXFileReference; lastKnownFileType = sourcecode.swift; path = CustomTextField.swift; sourceTree = "<group>"; };
		596244DB286C79670007D87D /* LabeledTextFieldsView.swift */ = {isa = PBXFileReference; lastKnownFileType = sourcecode.swift; path = LabeledTextFieldsView.swift; sourceTree = "<group>"; };
		596244DD286CA5E90007D87D /* CustomLabel.swift */ = {isa = PBXFileReference; lastKnownFileType = sourcecode.swift; path = CustomLabel.swift; sourceTree = "<group>"; };
		596244E2286CEAFD0007D87D /* SignUpTableViewDataSource.swift */ = {isa = PBXFileReference; lastKnownFileType = sourcecode.swift; path = SignUpTableViewDataSource.swift; sourceTree = "<group>"; };
		596244E4286CEB090007D87D /* SignUpTableViewDelegate.swift */ = {isa = PBXFileReference; lastKnownFileType = sourcecode.swift; path = SignUpTableViewDelegate.swift; sourceTree = "<group>"; };
		596244E6286E0D620007D87D /* LogoTableViewCell.swift */ = {isa = PBXFileReference; lastKnownFileType = sourcecode.swift; path = LogoTableViewCell.swift; sourceTree = "<group>"; };
		596244E8286E11640007D87D /* LabeledFieldTableViewCell.swift */ = {isa = PBXFileReference; lastKnownFileType = sourcecode.swift; path = LabeledFieldTableViewCell.swift; sourceTree = "<group>"; };
		59EC3CB7286F3ED1002F8E5D /* ProfileEditorTableViewDataSource.swift */ = {isa = PBXFileReference; lastKnownFileType = sourcecode.swift; path = ProfileEditorTableViewDataSource.swift; sourceTree = "<group>"; };
		59EC3CB9286F3EDD002F8E5D /* ProfileEditorTableViewDelegate.swift */ = {isa = PBXFileReference; lastKnownFileType = sourcecode.swift; path = ProfileEditorTableViewDelegate.swift; sourceTree = "<group>"; };
		59EC3CBB286F3F13002F8E5D /* HeaderTableViewCell.swift */ = {isa = PBXFileReference; lastKnownFileType = sourcecode.swift; path = HeaderTableViewCell.swift; sourceTree = "<group>"; };
		59EC3CBD286F3F5E002F8E5D /* MainInfoTableViewCell.swift */ = {isa = PBXFileReference; lastKnownFileType = sourcecode.swift; path = MainInfoTableViewCell.swift; sourceTree = "<group>"; };
		59EC3CC1286F4B97002F8E5D /* LabeledImageView.swift */ = {isa = PBXFileReference; lastKnownFileType = sourcecode.swift; path = LabeledImageView.swift; sourceTree = "<group>"; };
		59EC3CC3286F7325002F8E5D /* CategoryTableViewCell.swift */ = {isa = PBXFileReference; lastKnownFileType = sourcecode.swift; path = CategoryTableViewCell.swift; sourceTree = "<group>"; };
		59EC3CC7287066E5002F8E5D /* NetworkService.swift */ = {isa = PBXFileReference; lastKnownFileType = sourcecode.swift; path = NetworkService.swift; sourceTree = "<group>"; };
		59EC3CC928706E42002F8E5D /* RegistrationData.swift */ = {isa = PBXFileReference; lastKnownFileType = sourcecode.swift; path = RegistrationData.swift; sourceTree = "<group>"; };
		59EC3CCB287081C1002F8E5D /* AutorizationData.swift */ = {isa = PBXFileReference; lastKnownFileType = sourcecode.swift; path = AutorizationData.swift; sourceTree = "<group>"; };
		59EC3CCD2870823D002F8E5D /* ProfileData.swift */ = {isa = PBXFileReference; lastKnownFileType = sourcecode.swift; path = ProfileData.swift; sourceTree = "<group>"; };
/* End PBXFileReference section */

/* Begin PBXFrameworksBuildPhase section */
		59624465286B17B00007D87D /* Frameworks */ = {
			isa = PBXFrameworksBuildPhase;
			buildActionMask = 2147483647;
			files = (
			);
			runOnlyForDeploymentPostprocessing = 0;
		};
/* End PBXFrameworksBuildPhase section */

/* Begin PBXGroup section */
		5962445F286B17B00007D87D = {
			isa = PBXGroup;
			children = (
				5962446A286B17B00007D87D /* SomeSocialNetwork */,
				59624469286B17B00007D87D /* Products */,
			);
			sourceTree = "<group>";
		};
		59624469286B17B00007D87D /* Products */ = {
			isa = PBXGroup;
			children = (
				59624468286B17B00007D87D /* SomeSocialNetwork.app */,
			);
			name = Products;
			sourceTree = "<group>";
		};
		5962446A286B17B00007D87D /* SomeSocialNetwork */ = {
			isa = PBXGroup;
			children = (
				5962446B286B17B00007D87D /* AppDelegate.swift */,
				5962446D286B17B00007D87D /* SceneDelegate.swift */,
				5962447F286B18670007D87D /* Router.swift */,
				59624481286B18720007D87D /* ModuleBuilder.swift */,
				596244C3286C58150007D87D /* Elements */,
				596244A3286B7F520007D87D /* AuthorizationModule */,
				596244A8286B7FD80007D87D /* SignUpModule */,
				596244A7286B7FC00007D87D /* SignInModule */,
				596244BB286B8BD70007D87D /* ProfileEditorModule */,
				59EC3CC6287064F7002F8E5D /* NetworkServices */,
				59624474286B17B20007D87D /* Assets.xcassets */,
				59624476286B17B20007D87D /* LaunchScreen.storyboard */,
				59624479286B17B20007D87D /* Info.plist */,
			);
			path = SomeSocialNetwork;
			sourceTree = "<group>";
		};
		596244A3286B7F520007D87D /* AuthorizationModule */ = {
			isa = PBXGroup;
			children = (
				596244A6286B7FA20007D87D /* Model */,
				596244A5286B7F980007D87D /* View */,
				596244A4286B7F6A0007D87D /* Presenter */,
			);
			path = AuthorizationModule;
			sourceTree = "<group>";
		};
		596244A4286B7F6A0007D87D /* Presenter */ = {
			isa = PBXGroup;
			children = (
				596244B1286B80BF0007D87D /* AuthorizationPresenter.swift */,
			);
			path = Presenter;
			sourceTree = "<group>";
		};
		596244A5286B7F980007D87D /* View */ = {
			isa = PBXGroup;
			children = (
				596244AF286B80A70007D87D /* AuthorizationViewController.swift */,
			);
			path = View;
			sourceTree = "<group>";
		};
		596244A6286B7FA20007D87D /* Model */ = {
			isa = PBXGroup;
			children = (
				59EC3CCB287081C1002F8E5D /* AutorizationData.swift */,
			);
			path = Model;
			sourceTree = "<group>";
		};
		596244A7286B7FC00007D87D /* SignInModule */ = {
			isa = PBXGroup;
			children = (
				596244AE286B802F0007D87D /* Model */,
				596244AD286B802B0007D87D /* View */,
				596244AC286B80240007D87D /* Presenter */,
			);
			path = SignInModule;
			sourceTree = "<group>";
		};
		596244A8286B7FD80007D87D /* SignUpModule */ = {
			isa = PBXGroup;
			children = (
				596244AB286B801B0007D87D /* Model */,
				596244AA286B80130007D87D /* View */,
				596244A9286B800C0007D87D /* Presenter */,
			);
			path = SignUpModule;
			sourceTree = "<group>";
		};
		596244A9286B800C0007D87D /* Presenter */ = {
			isa = PBXGroup;
			children = (
				596244B5286B81250007D87D /* SignUpPresenter.swift */,
			);
			path = Presenter;
			sourceTree = "<group>";
		};
		596244AA286B80130007D87D /* View */ = {
			isa = PBXGroup;
			children = (
				596244B3286B81070007D87D /* SignUpViewController.swift */,
				596244E1286CEAD40007D87D /* TableView */,
			);
			path = View;
			sourceTree = "<group>";
		};
		596244AB286B801B0007D87D /* Model */ = {
			isa = PBXGroup;
			children = (
				59EC3CC928706E42002F8E5D /* RegistrationData.swift */,
			);
			path = Model;
			sourceTree = "<group>";
		};
		596244AC286B80240007D87D /* Presenter */ = {
			isa = PBXGroup;
			children = (
				596244B9286B81480007D87D /* SignInPresenter.swift */,
			);
			path = Presenter;
			sourceTree = "<group>";
		};
		596244AD286B802B0007D87D /* View */ = {
			isa = PBXGroup;
			children = (
				596244B7286B81360007D87D /* SignInViewController.swift */,
			);
			path = View;
			sourceTree = "<group>";
		};
		596244AE286B802F0007D87D /* Model */ = {
			isa = PBXGroup;
			children = (
			);
			path = Model;
			sourceTree = "<group>";
		};
		596244BB286B8BD70007D87D /* ProfileEditorModule */ = {
			isa = PBXGroup;
			children = (
				596244BE286B8BF90007D87D /* Model */,
				596244BD286B8BED0007D87D /* View */,
				596244BC286B8BE70007D87D /* Presenter */,
			);
			path = ProfileEditorModule;
			sourceTree = "<group>";
		};
		596244BC286B8BE70007D87D /* Presenter */ = {
			isa = PBXGroup;
			children = (
				596244BF286B8CD50007D87D /* ProfileEditorPresenter.swift */,
			);
			path = Presenter;
			sourceTree = "<group>";
		};
		596244BD286B8BED0007D87D /* View */ = {
			isa = PBXGroup;
			children = (
				596244C1286B8CEC0007D87D /* ProfileEditorViewController.swift */,
				59EC3CB6286F3E9E002F8E5D /* TableView */,
			);
			path = View;
			sourceTree = "<group>";
		};
		596244BE286B8BF90007D87D /* Model */ = {
			isa = PBXGroup;
			children = (
				59EC3CCD2870823D002F8E5D /* ProfileData.swift */,
			);
			path = Model;
			sourceTree = "<group>";
		};
		596244C3286C58150007D87D /* Elements */ = {
			isa = PBXGroup;
			children = (
				596244C4286C58D60007D87D /* CustomButton.swift */,
				596244DD286CA5E90007D87D /* CustomLabel.swift */,
				596244D9286C78550007D87D /* CustomTextField.swift */,
				596244DB286C79670007D87D /* LabeledTextFieldsView.swift */,
				59EC3CC1286F4B97002F8E5D /* LabeledImageView.swift */,
			);
			path = Elements;
			sourceTree = "<group>";
		};
		596244E1286CEAD40007D87D /* TableView */ = {
			isa = PBXGroup;
			children = (
				596244E2286CEAFD0007D87D /* SignUpTableViewDataSource.swift */,
				596244E4286CEB090007D87D /* SignUpTableViewDelegate.swift */,
				596244E6286E0D620007D87D /* LogoTableViewCell.swift */,
				596244E8286E11640007D87D /* LabeledFieldTableViewCell.swift */,
			);
			path = TableView;
			sourceTree = "<group>";
		};
		59EC3CB6286F3E9E002F8E5D /* TableView */ = {
			isa = PBXGroup;
			children = (
				59EC3CB7286F3ED1002F8E5D /* ProfileEditorTableViewDataSource.swift */,
				59EC3CB9286F3EDD002F8E5D /* ProfileEditorTableViewDelegate.swift */,
				59EC3CBB286F3F13002F8E5D /* HeaderTableViewCell.swift */,
				59EC3CBD286F3F5E002F8E5D /* MainInfoTableViewCell.swift */,
				59EC3CC3286F7325002F8E5D /* CategoryTableViewCell.swift */,
			);
			path = TableView;
			sourceTree = "<group>";
		};
		59EC3CC6287064F7002F8E5D /* NetworkServices */ = {
			isa = PBXGroup;
			children = (
				59EC3CC7287066E5002F8E5D /* NetworkService.swift */,
			);
			path = NetworkServices;
			sourceTree = "<group>";
		};
/* End PBXGroup section */

/* Begin PBXNativeTarget section */
		59624467286B17B00007D87D /* SomeSocialNetwork */ = {
			isa = PBXNativeTarget;
			buildConfigurationList = 5962447C286B17B20007D87D /* Build configuration list for PBXNativeTarget "SomeSocialNetwork" */;
			buildPhases = (
				59624464286B17B00007D87D /* Sources */,
				59624465286B17B00007D87D /* Frameworks */,
				59624466286B17B00007D87D /* Resources */,
			);
			buildRules = (
			);
			dependencies = (
			);
			name = SomeSocialNetwork;
			productName = SomeSocialNetwork;
			productReference = 59624468286B17B00007D87D /* SomeSocialNetwork.app */;
			productType = "com.apple.product-type.application";
		};
/* End PBXNativeTarget section */

/* Begin PBXProject section */
		59624460286B17B00007D87D /* Project object */ = {
			isa = PBXProject;
			attributes = {
				BuildIndependentTargetsInParallel = 1;
				LastSwiftUpdateCheck = 1330;
				LastUpgradeCheck = 1330;
				TargetAttributes = {
					59624467286B17B00007D87D = {
						CreatedOnToolsVersion = 13.3.1;
					};
				};
			};
			buildConfigurationList = 59624463286B17B00007D87D /* Build configuration list for PBXProject "SomeSocialNetwork" */;
			compatibilityVersion = "Xcode 13.0";
			developmentRegion = en;
			hasScannedForEncodings = 0;
			knownRegions = (
				en,
				Base,
			);
			mainGroup = 5962445F286B17B00007D87D;
			productRefGroup = 59624469286B17B00007D87D /* Products */;
			projectDirPath = "";
			projectRoot = "";
			targets = (
				59624467286B17B00007D87D /* SomeSocialNetwork */,
			);
		};
/* End PBXProject section */

/* Begin PBXResourcesBuildPhase section */
		59624466286B17B00007D87D /* Resources */ = {
			isa = PBXResourcesBuildPhase;
			buildActionMask = 2147483647;
			files = (
				59624478286B17B20007D87D /* LaunchScreen.storyboard in Resources */,
				59624475286B17B20007D87D /* Assets.xcassets in Resources */,
			);
			runOnlyForDeploymentPostprocessing = 0;
		};
/* End PBXResourcesBuildPhase section */

/* Begin PBXSourcesBuildPhase section */
		59624464286B17B00007D87D /* Sources */ = {
			isa = PBXSourcesBuildPhase;
			buildActionMask = 2147483647;
			files = (
				596244DA286C78550007D87D /* CustomTextField.swift in Sources */,
				596244C0286B8CD50007D87D /* ProfileEditorPresenter.swift in Sources */,
				596244E5286CEB090007D87D /* SignUpTableViewDelegate.swift in Sources */,
				59EC3CB8286F3ED1002F8E5D /* ProfileEditorTableViewDataSource.swift in Sources */,
				596244C5286C58D60007D87D /* CustomButton.swift in Sources */,
				59EC3CC2286F4B97002F8E5D /* LabeledImageView.swift in Sources */,
				596244B2286B80BF0007D87D /* AuthorizationPresenter.swift in Sources */,
				596244B4286B81070007D87D /* SignUpViewController.swift in Sources */,
				596244E9286E11640007D87D /* LabeledFieldTableViewCell.swift in Sources */,
				59624480286B18670007D87D /* Router.swift in Sources */,
				59EC3CBA286F3EDD002F8E5D /* ProfileEditorTableViewDelegate.swift in Sources */,
				59EC3CC4286F7325002F8E5D /* CategoryTableViewCell.swift in Sources */,
				5962446C286B17B00007D87D /* AppDelegate.swift in Sources */,
				59EC3CC8287066E5002F8E5D /* NetworkService.swift in Sources */,
				596244E7286E0D620007D87D /* LogoTableViewCell.swift in Sources */,
				59EC3CCA28706E42002F8E5D /* RegistrationData.swift in Sources */,
				596244DE286CA5E90007D87D /* CustomLabel.swift in Sources */,
				596244BA286B81480007D87D /* SignInPresenter.swift in Sources */,
				59EC3CBE286F3F5E002F8E5D /* MainInfoTableViewCell.swift in Sources */,
				59624482286B18720007D87D /* ModuleBuilder.swift in Sources */,
				596244B8286B81360007D87D /* SignInViewController.swift in Sources */,
				59EC3CBC286F3F13002F8E5D /* HeaderTableViewCell.swift in Sources */,
				596244B0286B80A70007D87D /* AuthorizationViewController.swift in Sources */,
				59EC3CCE2870823D002F8E5D /* ProfileData.swift in Sources */,
				596244C2286B8CEC0007D87D /* ProfileEditorViewController.swift in Sources */,
				596244E3286CEAFD0007D87D /* SignUpTableViewDataSource.swift in Sources */,
				59EC3CCC287081C1002F8E5D /* AutorizationData.swift in Sources */,
				596244B6286B81250007D87D /* SignUpPresenter.swift in Sources */,
				5962446E286B17B00007D87D /* SceneDelegate.swift in Sources */,
				596244DC286C79670007D87D /* LabeledTextFieldsView.swift in Sources */,
			);
			runOnlyForDeploymentPostprocessing = 0;
		};
/* End PBXSourcesBuildPhase section */

/* Begin PBXVariantGroup section */
		59624476286B17B20007D87D /* LaunchScreen.storyboard */ = {
			isa = PBXVariantGroup;
			children = (
				59624477286B17B20007D87D /* Base */,
			);
			name = LaunchScreen.storyboard;
			sourceTree = "<group>";
		};
/* End PBXVariantGroup section */

/* Begin XCBuildConfiguration section */
		5962447A286B17B20007D87D /* Debug */ = {
			isa = XCBuildConfiguration;
			buildSettings = {
				ALWAYS_SEARCH_USER_PATHS = NO;
				CLANG_ANALYZER_NONNULL = YES;
				CLANG_ANALYZER_NUMBER_OBJECT_CONVERSION = YES_AGGRESSIVE;
				CLANG_CXX_LANGUAGE_STANDARD = "gnu++17";
				CLANG_ENABLE_MODULES = YES;
				CLANG_ENABLE_OBJC_ARC = YES;
				CLANG_ENABLE_OBJC_WEAK = YES;
				CLANG_WARN_BLOCK_CAPTURE_AUTORELEASING = YES;
				CLANG_WARN_BOOL_CONVERSION = YES;
				CLANG_WARN_COMMA = YES;
				CLANG_WARN_CONSTANT_CONVERSION = YES;
				CLANG_WARN_DEPRECATED_OBJC_IMPLEMENTATIONS = YES;
				CLANG_WARN_DIRECT_OBJC_ISA_USAGE = YES_ERROR;
				CLANG_WARN_DOCUMENTATION_COMMENTS = YES;
				CLANG_WARN_EMPTY_BODY = YES;
				CLANG_WARN_ENUM_CONVERSION = YES;
				CLANG_WARN_INFINITE_RECURSION = YES;
				CLANG_WARN_INT_CONVERSION = YES;
				CLANG_WARN_NON_LITERAL_NULL_CONVERSION = YES;
				CLANG_WARN_OBJC_IMPLICIT_RETAIN_SELF = YES;
				CLANG_WARN_OBJC_LITERAL_CONVERSION = YES;
				CLANG_WARN_OBJC_ROOT_CLASS = YES_ERROR;
				CLANG_WARN_QUOTED_INCLUDE_IN_FRAMEWORK_HEADER = YES;
				CLANG_WARN_RANGE_LOOP_ANALYSIS = YES;
				CLANG_WARN_STRICT_PROTOTYPES = YES;
				CLANG_WARN_SUSPICIOUS_MOVE = YES;
				CLANG_WARN_UNGUARDED_AVAILABILITY = YES_AGGRESSIVE;
				CLANG_WARN_UNREACHABLE_CODE = YES;
				CLANG_WARN__DUPLICATE_METHOD_MATCH = YES;
				COPY_PHASE_STRIP = NO;
				DEBUG_INFORMATION_FORMAT = dwarf;
				ENABLE_STRICT_OBJC_MSGSEND = YES;
				ENABLE_TESTABILITY = YES;
				GCC_C_LANGUAGE_STANDARD = gnu11;
				GCC_DYNAMIC_NO_PIC = NO;
				GCC_NO_COMMON_BLOCKS = YES;
				GCC_OPTIMIZATION_LEVEL = 0;
				GCC_PREPROCESSOR_DEFINITIONS = (
					"DEBUG=1",
					"$(inherited)",
				);
				GCC_WARN_64_TO_32_BIT_CONVERSION = YES;
				GCC_WARN_ABOUT_RETURN_TYPE = YES_ERROR;
				GCC_WARN_UNDECLARED_SELECTOR = YES;
				GCC_WARN_UNINITIALIZED_AUTOS = YES_AGGRESSIVE;
				GCC_WARN_UNUSED_FUNCTION = YES;
				GCC_WARN_UNUSED_VARIABLE = YES;
				IPHONEOS_DEPLOYMENT_TARGET = 15.0;
				MTL_ENABLE_DEBUG_INFO = INCLUDE_SOURCE;
				MTL_FAST_MATH = YES;
				ONLY_ACTIVE_ARCH = YES;
				SDKROOT = iphoneos;
				SWIFT_ACTIVE_COMPILATION_CONDITIONS = DEBUG;
				SWIFT_OPTIMIZATION_LEVEL = "-Onone";
			};
			name = Debug;
		};
		5962447B286B17B20007D87D /* Release */ = {
			isa = XCBuildConfiguration;
			buildSettings = {
				ALWAYS_SEARCH_USER_PATHS = NO;
				CLANG_ANALYZER_NONNULL = YES;
				CLANG_ANALYZER_NUMBER_OBJECT_CONVERSION = YES_AGGRESSIVE;
				CLANG_CXX_LANGUAGE_STANDARD = "gnu++17";
				CLANG_ENABLE_MODULES = YES;
				CLANG_ENABLE_OBJC_ARC = YES;
				CLANG_ENABLE_OBJC_WEAK = YES;
				CLANG_WARN_BLOCK_CAPTURE_AUTORELEASING = YES;
				CLANG_WARN_BOOL_CONVERSION = YES;
				CLANG_WARN_COMMA = YES;
				CLANG_WARN_CONSTANT_CONVERSION = YES;
				CLANG_WARN_DEPRECATED_OBJC_IMPLEMENTATIONS = YES;
				CLANG_WARN_DIRECT_OBJC_ISA_USAGE = YES_ERROR;
				CLANG_WARN_DOCUMENTATION_COMMENTS = YES;
				CLANG_WARN_EMPTY_BODY = YES;
				CLANG_WARN_ENUM_CONVERSION = YES;
				CLANG_WARN_INFINITE_RECURSION = YES;
				CLANG_WARN_INT_CONVERSION = YES;
				CLANG_WARN_NON_LITERAL_NULL_CONVERSION = YES;
				CLANG_WARN_OBJC_IMPLICIT_RETAIN_SELF = YES;
				CLANG_WARN_OBJC_LITERAL_CONVERSION = YES;
				CLANG_WARN_OBJC_ROOT_CLASS = YES_ERROR;
				CLANG_WARN_QUOTED_INCLUDE_IN_FRAMEWORK_HEADER = YES;
				CLANG_WARN_RANGE_LOOP_ANALYSIS = YES;
				CLANG_WARN_STRICT_PROTOTYPES = YES;
				CLANG_WARN_SUSPICIOUS_MOVE = YES;
				CLANG_WARN_UNGUARDED_AVAILABILITY = YES_AGGRESSIVE;
				CLANG_WARN_UNREACHABLE_CODE = YES;
				CLANG_WARN__DUPLICATE_METHOD_MATCH = YES;
				COPY_PHASE_STRIP = NO;
				DEBUG_INFORMATION_FORMAT = "dwarf-with-dsym";
				ENABLE_NS_ASSERTIONS = NO;
				ENABLE_STRICT_OBJC_MSGSEND = YES;
				GCC_C_LANGUAGE_STANDARD = gnu11;
				GCC_NO_COMMON_BLOCKS = YES;
				GCC_WARN_64_TO_32_BIT_CONVERSION = YES;
				GCC_WARN_ABOUT_RETURN_TYPE = YES_ERROR;
				GCC_WARN_UNDECLARED_SELECTOR = YES;
				GCC_WARN_UNINITIALIZED_AUTOS = YES_AGGRESSIVE;
				GCC_WARN_UNUSED_FUNCTION = YES;
				GCC_WARN_UNUSED_VARIABLE = YES;
				IPHONEOS_DEPLOYMENT_TARGET = 15.0;
				MTL_ENABLE_DEBUG_INFO = NO;
				MTL_FAST_MATH = YES;
				SDKROOT = iphoneos;
				SWIFT_COMPILATION_MODE = wholemodule;
				SWIFT_OPTIMIZATION_LEVEL = "-O";
				VALIDATE_PRODUCT = YES;
			};
			name = Release;
		};
		5962447D286B17B20007D87D /* Debug */ = {
			isa = XCBuildConfiguration;
			buildSettings = {
				ASSETCATALOG_COMPILER_APPICON_NAME = AppIcon;
				ASSETCATALOG_COMPILER_GLOBAL_ACCENT_COLOR_NAME = AccentColor;
				CODE_SIGN_STYLE = Automatic;
				CURRENT_PROJECT_VERSION = 1;
				DEVELOPMENT_TEAM = 7DF45VLQ6Z;
				GENERATE_INFOPLIST_FILE = YES;
				INFOPLIST_FILE = SomeSocialNetwork/Info.plist;
				INFOPLIST_KEY_UIApplicationSupportsIndirectInputEvents = YES;
				INFOPLIST_KEY_UILaunchStoryboardName = LaunchScreen;
				INFOPLIST_KEY_UISupportedInterfaceOrientations = UIInterfaceOrientationPortrait;
				INFOPLIST_KEY_UISupportedInterfaceOrientations_iPad = "UIInterfaceOrientationPortrait UIInterfaceOrientationPortraitUpsideDown UIInterfaceOrientationLandscapeLeft UIInterfaceOrientationLandscapeRight";
				INFOPLIST_KEY_UISupportedInterfaceOrientations_iPhone = "UIInterfaceOrientationPortrait UIInterfaceOrientationLandscapeLeft UIInterfaceOrientationLandscapeRight";
				IPHONEOS_DEPLOYMENT_TARGET = 15.0;
				LD_RUNPATH_SEARCH_PATHS = (
					"$(inherited)",
					"@executable_path/Frameworks",
				);
				MARKETING_VERSION = 1.0.0;
				PRODUCT_BUNDLE_IDENTIFIER = denmagg.SomeSocialNetwork;
				PRODUCT_NAME = "$(TARGET_NAME)";
				SWIFT_EMIT_LOC_STRINGS = YES;
				SWIFT_VERSION = 5.0;
				TARGETED_DEVICE_FAMILY = 1;
			};
			name = Debug;
		};
		5962447E286B17B20007D87D /* Release */ = {
			isa = XCBuildConfiguration;
			buildSettings = {
				ASSETCATALOG_COMPILER_APPICON_NAME = AppIcon;
				ASSETCATALOG_COMPILER_GLOBAL_ACCENT_COLOR_NAME = AccentColor;
				CODE_SIGN_STYLE = Automatic;
				CURRENT_PROJECT_VERSION = 1;
				DEVELOPMENT_TEAM = 7DF45VLQ6Z;
				GENERATE_INFOPLIST_FILE = YES;
				INFOPLIST_FILE = SomeSocialNetwork/Info.plist;
				INFOPLIST_KEY_UIApplicationSupportsIndirectInputEvents = YES;
				INFOPLIST_KEY_UILaunchStoryboardName = LaunchScreen;
				INFOPLIST_KEY_UISupportedInterfaceOrientations = UIInterfaceOrientationPortrait;
				INFOPLIST_KEY_UISupportedInterfaceOrientations_iPad = "UIInterfaceOrientationPortrait UIInterfaceOrientationPortraitUpsideDown UIInterfaceOrientationLandscapeLeft UIInterfaceOrientationLandscapeRight";
				INFOPLIST_KEY_UISupportedInterfaceOrientations_iPhone = "UIInterfaceOrientationPortrait UIInterfaceOrientationLandscapeLeft UIInterfaceOrientationLandscapeRight";
				IPHONEOS_DEPLOYMENT_TARGET = 15.0;
				LD_RUNPATH_SEARCH_PATHS = (
					"$(inherited)",
					"@executable_path/Frameworks",
				);
				MARKETING_VERSION = 1.0.0;
				PRODUCT_BUNDLE_IDENTIFIER = denmagg.SomeSocialNetwork;
				PRODUCT_NAME = "$(TARGET_NAME)";
				SWIFT_EMIT_LOC_STRINGS = YES;
				SWIFT_VERSION = 5.0;
				TARGETED_DEVICE_FAMILY = 1;
			};
			name = Release;
		};
/* End XCBuildConfiguration section */

/* Begin XCConfigurationList section */
		59624463286B17B00007D87D /* Build configuration list for PBXProject "SomeSocialNetwork" */ = {
			isa = XCConfigurationList;
			buildConfigurations = (
				5962447A286B17B20007D87D /* Debug */,
				5962447B286B17B20007D87D /* Release */,
			);
			defaultConfigurationIsVisible = 0;
			defaultConfigurationName = Release;
		};
		5962447C286B17B20007D87D /* Build configuration list for PBXNativeTarget "SomeSocialNetwork" */ = {
			isa = XCConfigurationList;
			buildConfigurations = (
				5962447D286B17B20007D87D /* Debug */,
				5962447E286B17B20007D87D /* Release */,
			);
			defaultConfigurationIsVisible = 0;
			defaultConfigurationName = Release;
		};
/* End XCConfigurationList section */
	};
	rootObject = 59624460286B17B00007D87D /* Project object */;
}
